// !$*UTF8*$!
{
	archiveVersion = 1;
	classes = {
	};
	objectVersion = 48;
	objects = {

/* Begin PBXBuildFile section */
		733A25BE208DC39D00D9D001 /* AppDelegate.m in Sources */ = {isa = PBXBuildFile; fileRef = 733A25BD208DC39D00D9D001 /* AppDelegate.m */; };
		733A25C4208DC39D00D9D001 /* Main.storyboard in Resources */ = {isa = PBXBuildFile; fileRef = 733A25C2208DC39D00D9D001 /* Main.storyboard */; };
		733A25C6208DC39D00D9D001 /* Assets.xcassets in Resources */ = {isa = PBXBuildFile; fileRef = 733A25C5208DC39D00D9D001 /* Assets.xcassets */; };
		733A25C9208DC39D00D9D001 /* LaunchScreen.storyboard in Resources */ = {isa = PBXBuildFile; fileRef = 733A25C7208DC39D00D9D001 /* LaunchScreen.storyboard */; };
		733A25CC208DC39D00D9D001 /* main.m in Sources */ = {isa = PBXBuildFile; fileRef = 733A25CB208DC39D00D9D001 /* main.m */; };
/* End PBXBuildFile section */

/* Begin PBXFileReference section */
		733A25B9208DC39D00D9D001 /* 皇冠幸福里.app */ = {isa = PBXFileReference; explicitFileType = wrapper.application; includeInIndex = 0; path = "皇冠幸福里.app"; sourceTree = BUILT_PRODUCTS_DIR; };
		733A25BC208DC39D00D9D001 /* AppDelegate.h */ = {isa = PBXFileReference; lastKnownFileType = sourcecode.c.h; path = AppDelegate.h; sourceTree = "<group>"; };
		733A25BD208DC39D00D9D001 /* AppDelegate.m */ = {isa = PBXFileReference; lastKnownFileType = sourcecode.c.objc; path = AppDelegate.m; sourceTree = "<group>"; };
		733A25C3208DC39D00D9D001 /* Base */ = {isa = PBXFileReference; lastKnownFileType = file.storyboard; name = Base; path = Base.lproj/Main.storyboard; sourceTree = "<group>"; };
		733A25C5208DC39D00D9D001 /* Assets.xcassets */ = {isa = PBXFileReference; lastKnownFileType = folder.assetcatalog; path = Assets.xcassets; sourceTree = "<group>"; };
		733A25C8208DC39D00D9D001 /* Base */ = {isa = PBXFileReference; lastKnownFileType = file.storyboard; name = Base; path = Base.lproj/LaunchScreen.storyboard; sourceTree = "<group>"; };
		733A25CA208DC39D00D9D001 /* Info.plist */ = {isa = PBXFileReference; lastKnownFileType = text.plist.xml; path = Info.plist; sourceTree = "<group>"; };
		733A25CB208DC39D00D9D001 /* main.m */ = {isa = PBXFileReference; lastKnownFileType = sourcecode.c.objc; path = main.m; sourceTree = "<group>"; };
/* End PBXFileReference section */

/* Begin PBXFrameworksBuildPhase section */
		733A25B6208DC39D00D9D001 /* Frameworks */ = {
			isa = PBXFrameworksBuildPhase;
			buildActionMask = 2147483647;
			files = (
			);
			runOnlyForDeploymentPostprocessing = 0;
		};
/* End PBXFrameworksBuildPhase section */

/* Begin PBXGroup section */
		733A25B0208DC39D00D9D001 = {
			isa = PBXGroup;
			children = (
				733A25BB208DC39D00D9D001 /* 皇冠幸福里 */,
				733A25BA208DC39D00D9D001 /* Products */,
			);
			sourceTree = "<group>";
		};
		733A25BA208DC39D00D9D001 /* Products */ = {
			isa = PBXGroup;
			children = (
				733A25B9208DC39D00D9D001 /* 皇冠幸福里.app */,
			);
			name = Products;
			sourceTree = "<group>";
		};
		733A25BB208DC39D00D9D001 /* 皇冠幸福里 */ = {
			isa = PBXGroup;
			children = (
				733A25D3208DC3C900D9D001 /* Classes */,
				733A25D2208DC3A400D9D001 /* Supporting Files */,
			);
			path = "皇冠幸福里";
			sourceTree = "<group>";
		};
		733A25D2208DC3A400D9D001 /* Supporting Files */ = {
			isa = PBXGroup;
			children = (
				733A25BC208DC39D00D9D001 /* AppDelegate.h */,
				733A25BD208DC39D00D9D001 /* AppDelegate.m */,
				733A25C2208DC39D00D9D001 /* Main.storyboard */,
				733A25C5208DC39D00D9D001 /* Assets.xcassets */,
				733A25C7208DC39D00D9D001 /* LaunchScreen.storyboard */,
				733A25CA208DC39D00D9D001 /* Info.plist */,
				733A25CB208DC39D00D9D001 /* main.m */,
			);
			name = "Supporting Files";
			sourceTree = "<group>";
		};
		733A25D3208DC3C900D9D001 /* Classes */ = {
			isa = PBXGroup;
			children = (
				733A25D4208DC3C900D9D001 /* Discovery */,
				733A25D8208DC3C900D9D001 /* Home */,
				733A25DC208DC3C900D9D001 /* Main */,
				733A25E1208DC3C900D9D001 /* Other */,
				733A25E4208DC3C900D9D001 /* Payment */,
				733A25E8208DC3C900D9D001 /* Profile */,
				733A25EC208DC3C900D9D001 /* Shop */,
			);
			path = Classes;
			sourceTree = "<group>";
		};
		733A25D4208DC3C900D9D001 /* Discovery */ = {
			isa = PBXGroup;
			children = (
				733A25D5208DC3C900D9D001 /* Controller */,
				733A25D6208DC3C900D9D001 /* Model */,
				733A25D7208DC3C900D9D001 /* View */,
			);
			path = Discovery;
			sourceTree = "<group>";
		};
		733A25D5208DC3C900D9D001 /* Controller */ = {
			isa = PBXGroup;
			children = (
			);
			path = Controller;
			sourceTree = "<group>";
		};
		733A25D6208DC3C900D9D001 /* Model */ = {
			isa = PBXGroup;
			children = (
			);
			path = Model;
			sourceTree = "<group>";
		};
		733A25D7208DC3C900D9D001 /* View */ = {
			isa = PBXGroup;
			children = (
			);
			path = View;
			sourceTree = "<group>";
		};
		733A25D8208DC3C900D9D001 /* Home */ = {
			isa = PBXGroup;
			children = (
				733A25D9208DC3C900D9D001 /* Controller */,
				733A25DA208DC3C900D9D001 /* Model */,
				733A25DB208DC3C900D9D001 /* View */,
			);
			path = Home;
			sourceTree = "<group>";
		};
		733A25D9208DC3C900D9D001 /* Controller */ = {
			isa = PBXGroup;
			children = (
			);
			path = Controller;
			sourceTree = "<group>";
		};
		733A25DA208DC3C900D9D001 /* Model */ = {
			isa = PBXGroup;
			children = (
			);
			path = Model;
			sourceTree = "<group>";
		};
		733A25DB208DC3C900D9D001 /* View */ = {
			isa = PBXGroup;
			children = (
			);
			path = View;
			sourceTree = "<group>";
		};
		733A25DC208DC3C900D9D001 /* Main */ = {
			isa = PBXGroup;
			children = (
				733A25DD208DC3C900D9D001 /* Controller */,
				733A25DE208DC3C900D9D001 /* Model */,
				733A25DF208DC3C900D9D001 /* Tool */,
				733A25E0208DC3C900D9D001 /* View */,
			);
			path = Main;
			sourceTree = "<group>";
		};
		733A25DD208DC3C900D9D001 /* Controller */ = {
			isa = PBXGroup;
			children = (
			);
			path = Controller;
			sourceTree = "<group>";
		};
		733A25DE208DC3C900D9D001 /* Model */ = {
			isa = PBXGroup;
			children = (
			);
			path = Model;
			sourceTree = "<group>";
		};
		733A25DF208DC3C900D9D001 /* Tool */ = {
			isa = PBXGroup;
			children = (
			);
			path = Tool;
			sourceTree = "<group>";
		};
		733A25E0208DC3C900D9D001 /* View */ = {
			isa = PBXGroup;
			children = (
			);
			path = View;
			sourceTree = "<group>";
		};
		733A25E1208DC3C900D9D001 /* Other */ = {
			isa = PBXGroup;
			children = (
				733A25E2208DC3C900D9D001 /* Category */,
				733A25E3208DC3C900D9D001 /* Lib */,
			);
			path = Other;
			sourceTree = "<group>";
		};
		733A25E2208DC3C900D9D001 /* Category */ = {
			isa = PBXGroup;
			children = (
			);
			path = Category;
			sourceTree = "<group>";
		};
		733A25E3208DC3C900D9D001 /* Lib */ = {
			isa = PBXGroup;
			children = (
			);
			path = Lib;
			sourceTree = "<group>";
		};
		733A25E4208DC3C900D9D001 /* Payment */ = {
			isa = PBXGroup;
			children = (
				733A25E5208DC3C900D9D001 /* Controller */,
				733A25E6208DC3C900D9D001 /* Model */,
				733A25E7208DC3C900D9D001 /* View */,
			);
			path = Payment;
			sourceTree = "<group>";
		};
		733A25E5208DC3C900D9D001 /* Controller */ = {
			isa = PBXGroup;
			children = (
			);
			path = Controller;
			sourceTree = "<group>";
		};
		733A25E6208DC3C900D9D001 /* Model */ = {
			isa = PBXGroup;
			children = (
			);
			path = Model;
			sourceTree = "<group>";
		};
		733A25E7208DC3C900D9D001 /* View */ = {
			isa = PBXGroup;
			children = (
			);
			path = View;
			sourceTree = "<group>";
		};
		733A25E8208DC3C900D9D001 /* Profile */ = {
			isa = PBXGroup;
			children = (
				733A25E9208DC3C900D9D001 /* Controller */,
				733A25EA208DC3C900D9D001 /* Model */,
				733A25EB208DC3C900D9D001 /* View */,
			);
			path = Profile;
			sourceTree = "<group>";
		};
		733A25E9208DC3C900D9D001 /* Controller */ = {
			isa = PBXGroup;
			children = (
			);
			path = Controller;
			sourceTree = "<group>";
		};
		733A25EA208DC3C900D9D001 /* Model */ = {
			isa = PBXGroup;
			children = (
			);
			path = Model;
			sourceTree = "<group>";
		};
		733A25EB208DC3C900D9D001 /* View */ = {
			isa = PBXGroup;
			children = (
			);
			path = View;
			sourceTree = "<group>";
		};
		733A25EC208DC3C900D9D001 /* Shop */ = {
			isa = PBXGroup;
			children = (
				733A25ED208DC3C900D9D001 /* Controller */,
				733A25EE208DC3C900D9D001 /* Model */,
				733A25EF208DC3C900D9D001 /* View */,
			);
			path = Shop;
			sourceTree = "<group>";
		};
		733A25ED208DC3C900D9D001 /* Controller */ = {
			isa = PBXGroup;
			children = (
			);
			path = Controller;
			sourceTree = "<group>";
		};
		733A25EE208DC3C900D9D001 /* Model */ = {
			isa = PBXGroup;
			children = (
			);
			path = Model;
			sourceTree = "<group>";
		};
		733A25EF208DC3C900D9D001 /* View */ = {
			isa = PBXGroup;
			children = (
			);
			path = View;
			sourceTree = "<group>";
		};
/* End PBXGroup section */

/* Begin PBXNativeTarget section */
		733A25B8208DC39D00D9D001 /* 皇冠幸福里 */ = {
			isa = PBXNativeTarget;
			buildConfigurationList = 733A25CF208DC39D00D9D001 /* Build configuration list for PBXNativeTarget "皇冠幸福里" */;
			buildPhases = (
				733A25B5208DC39D00D9D001 /* Sources */,
				733A25B6208DC39D00D9D001 /* Frameworks */,
				733A25B7208DC39D00D9D001 /* Resources */,
			);
			buildRules = (
			);
			dependencies = (
			);
			name = "皇冠幸福里";
			productName = "皇冠幸福里";
			productReference = 733A25B9208DC39D00D9D001 /* 皇冠幸福里.app */;
			productType = "com.apple.product-type.application";
		};
/* End PBXNativeTarget section */

/* Begin PBXProject section */
		733A25B1208DC39D00D9D001 /* Project object */ = {
			isa = PBXProject;
			attributes = {
				LastUpgradeCheck = 0920;
				ORGANIZATIONNAME = LiYugang;
				TargetAttributes = {
					733A25B8208DC39D00D9D001 = {
						CreatedOnToolsVersion = 9.2;
						ProvisioningStyle = Automatic;
					};
				};
			};
			buildConfigurationList = 733A25B4208DC39D00D9D001 /* Build configuration list for PBXProject "皇冠幸福里" */;
			compatibilityVersion = "Xcode 8.0";
			developmentRegion = en;
			hasScannedForEncodings = 0;
			knownRegions = (
				en,
				Base,
			);
			mainGroup = 733A25B0208DC39D00D9D001;
			productRefGroup = 733A25BA208DC39D00D9D001 /* Products */;
			projectDirPath = "";
			projectRoot = "";
			targets = (
				733A25B8208DC39D00D9D001 /* 皇冠幸福里 */,
			);
		};
/* End PBXProject section */

/* Begin PBXResourcesBuildPhase section */
		733A25B7208DC39D00D9D001 /* Resources */ = {
			isa = PBXResourcesBuildPhase;
			buildActionMask = 2147483647;
			files = (
				733A25C9208DC39D00D9D001 /* LaunchScreen.storyboard in Resources */,
				733A25C6208DC39D00D9D001 /* Assets.xcassets in Resources */,
				733A25C4208DC39D00D9D001 /* Main.storyboard in Resources */,
			);
			runOnlyForDeploymentPostprocessing = 0;
		};
/* End PBXResourcesBuildPhase section */

/* Begin PBXSourcesBuildPhase section */
		733A25B5208DC39D00D9D001 /* Sources */ = {
			isa = PBXSourcesBuildPhase;
			buildActionMask = 2147483647;
			files = (
				733A25CC208DC39D00D9D001 /* main.m in Sources */,
				733A25BE208DC39D00D9D001 /* AppDelegate.m in Sources */,
			);
			runOnlyForDeploymentPostprocessing = 0;
		};
/* End PBXSourcesBuildPhase section */

/* Begin PBXVariantGroup section */
		733A25C2208DC39D00D9D001 /* Main.storyboard */ = {
			isa = PBXVariantGroup;
			children = (
				733A25C3208DC39D00D9D001 /* Base */,
			);
			name = Main.storyboard;
			sourceTree = "<group>";
		};
		733A25C7208DC39D00D9D001 /* LaunchScreen.storyboard */ = {
			isa = PBXVariantGroup;
			children = (
				733A25C8208DC39D00D9D001 /* Base */,
			);
			name = LaunchScreen.storyboard;
			sourceTree = "<group>";
		};
/* End PBXVariantGroup section */

/* Begin XCBuildConfiguration section */
		733A25CD208DC39D00D9D001 /* Debug */ = {
			isa = XCBuildConfiguration;
			buildSettings = {
				ALWAYS_SEARCH_USER_PATHS = NO;
				CLANG_ANALYZER_NONNULL = YES;
				CLANG_ANALYZER_NUMBER_OBJECT_CONVERSION = YES_AGGRESSIVE;
				CLANG_CXX_LANGUAGE_STANDARD = "gnu++14";
				CLANG_CXX_LIBRARY = "libc++";
				CLANG_ENABLE_MODULES = YES;
				CLANG_ENABLE_OBJC_ARC = YES;
				CLANG_WARN_BLOCK_CAPTURE_AUTORELEASING = YES;
				CLANG_WARN_BOOL_CONVERSION = YES;
				CLANG_WARN_COMMA = YES;
				CLANG_WARN_CONSTANT_CONVERSION = YES;
				CLANG_WARN_DIRECT_OBJC_ISA_USAGE = YES_ERROR;
				CLANG_WARN_DOCUMENTATION_COMMENTS = YES;
				CLANG_WARN_EMPTY_BODY = YES;
				CLANG_WARN_ENUM_CONVERSION = YES;
				CLANG_WARN_INFINITE_RECURSION = YES;
				CLANG_WARN_INT_CONVERSION = YES;
				CLANG_WARN_NON_LITERAL_NULL_CONVERSION = YES;
				CLANG_WARN_OBJC_LITERAL_CONVERSION = YES;
				CLANG_WARN_OBJC_ROOT_CLASS = YES_ERROR;
				CLANG_WARN_RANGE_LOOP_ANALYSIS = YES;
				CLANG_WARN_STRICT_PROTOTYPES = YES;
				CLANG_WARN_SUSPICIOUS_MOVE = YES;
				CLANG_WARN_UNGUARDED_AVAILABILITY = YES_AGGRESSIVE;
				CLANG_WARN_UNREACHABLE_CODE = YES;
				CLANG_WARN__DUPLICATE_METHOD_MATCH = YES;
				CODE_SIGN_IDENTITY = "iPhone Developer";
				COPY_PHASE_STRIP = NO;
				DEBUG_INFORMATION_FORMAT = dwarf;
				ENABLE_STRICT_OBJC_MSGSEND = YES;
				ENABLE_TESTABILITY = YES;
				GCC_C_LANGUAGE_STANDARD = gnu11;
				GCC_DYNAMIC_NO_PIC = NO;
				GCC_NO_COMMON_BLOCKS = YES;
				GCC_OPTIMIZATION_LEVEL = 0;
				GCC_PREPROCESSOR_DEFINITIONS = (
					"DEBUG=1",
					"$(inherited)",
				);
				GCC_WARN_64_TO_32_BIT_CONVERSION = YES;
				GCC_WARN_ABOUT_RETURN_TYPE = YES_ERROR;
				GCC_WARN_UNDECLARED_SELECTOR = YES;
				GCC_WARN_UNINITIALIZED_AUTOS = YES_AGGRESSIVE;
				GCC_WARN_UNUSED_FUNCTION = YES;
				GCC_WARN_UNUSED_VARIABLE = YES;
				IPHONEOS_DEPLOYMENT_TARGET = 11.2;
				MTL_ENABLE_DEBUG_INFO = YES;
				ONLY_ACTIVE_ARCH = YES;
				SDKROOT = iphoneos;
			};
			name = Debug;
		};
		733A25CE208DC39D00D9D001 /* Release */ = {
			isa = XCBuildConfiguration;
			buildSettings = {
				ALWAYS_SEARCH_USER_PATHS = NO;
				CLANG_ANALYZER_NONNULL = YES;
				CLANG_ANALYZER_NUMBER_OBJECT_CONVERSION = YES_AGGRESSIVE;
				CLANG_CXX_LANGUAGE_STANDARD = "gnu++14";
				CLANG_CXX_LIBRARY = "libc++";
				CLANG_ENABLE_MODULES = YES;
				CLANG_ENABLE_OBJC_ARC = YES;
				CLANG_WARN_BLOCK_CAPTURE_AUTORELEASING = YES;
				CLANG_WARN_BOOL_CONVERSION = YES;
				CLANG_WARN_COMMA = YES;
				CLANG_WARN_CONSTANT_CONVERSION = YES;
				CLANG_WARN_DIRECT_OBJC_ISA_USAGE = YES_ERROR;
				CLANG_WARN_DOCUMENTATION_COMMENTS = YES;
				CLANG_WARN_EMPTY_BODY = YES;
				CLANG_WARN_ENUM_CONVERSION = YES;
				CLANG_WARN_INFINITE_RECURSION = YES;
				CLANG_WARN_INT_CONVERSION = YES;
				CLANG_WARN_NON_LITERAL_NULL_CONVERSION = YES;
				CLANG_WARN_OBJC_LITERAL_CONVERSION = YES;
				CLANG_WARN_OBJC_ROOT_CLASS = YES_ERROR;
				CLANG_WARN_RANGE_LOOP_ANALYSIS = YES;
				CLANG_WARN_STRICT_PROTOTYPES = YES;
				CLANG_WARN_SUSPICIOUS_MOVE = YES;
				CLANG_WARN_UNGUARDED_AVAILABILITY = YES_AGGRESSIVE;
				CLANG_WARN_UNREACHABLE_CODE = YES;
				CLANG_WARN__DUPLICATE_METHOD_MATCH = YES;
				CODE_SIGN_IDENTITY = "iPhone Developer";
				COPY_PHASE_STRIP = NO;
				DEBUG_INFORMATION_FORMAT = "dwarf-with-dsym";
				ENABLE_NS_ASSERTIONS = NO;
				ENABLE_STRICT_OBJC_MSGSEND = YES;
				GCC_C_LANGUAGE_STANDARD = gnu11;
				GCC_NO_COMMON_BLOCKS = YES;
				GCC_WARN_64_TO_32_BIT_CONVERSION = YES;
				GCC_WARN_ABOUT_RETURN_TYPE = YES_ERROR;
				GCC_WARN_UNDECLARED_SELECTOR = YES;
				GCC_WARN_UNINITIALIZED_AUTOS = YES_AGGRESSIVE;
				GCC_WARN_UNUSED_FUNCTION = YES;
				GCC_WARN_UNUSED_VARIABLE = YES;
				IPHONEOS_DEPLOYMENT_TARGET = 11.2;
				MTL_ENABLE_DEBUG_INFO = NO;
				SDKROOT = iphoneos;
				VALIDATE_PRODUCT = YES;
			};
			name = Release;
		};
		733A25D0208DC39D00D9D001 /* Debug */ = {
			isa = XCBuildConfiguration;
			buildSettings = {
				ASSETCATALOG_COMPILER_APPICON_NAME = AppIcon;
				CODE_SIGN_STYLE = Automatic;
				INFOPLIST_FILE = "皇冠幸福里/Info.plist";
				LD_RUNPATH_SEARCH_PATHS = "$(inherited) @executable_path/Frameworks";
				PRODUCT_BUNDLE_IDENTIFIER = "com.yglee.-----";
				PRODUCT_NAME = "$(TARGET_NAME)";
				TARGETED_DEVICE_FAMILY = "1,2";
			};
			name = Debug;
		};
		733A25D1208DC39D00D9D001 /* Release */ = {
			isa = XCBuildConfiguration;
			buildSettings = {
				ASSETCATALOG_COMPILER_APPICON_NAME = AppIcon;
				CODE_SIGN_STYLE = Automatic;
				INFOPLIST_FILE = "皇冠幸福里/Info.plist";
				LD_RUNPATH_SEARCH_PATHS = "$(inherited) @executable_path/Frameworks";
				PRODUCT_BUNDLE_IDENTIFIER = "com.yglee.-----";
				PRODUCT_NAME = "$(TARGET_NAME)";
				TARGETED_DEVICE_FAMILY = "1,2";
			};
			name = Release;
		};
/* End XCBuildConfiguration section */

/* Begin XCConfigurationList section */
		733A25B4208DC39D00D9D001 /* Build configuration list for PBXProject "皇冠幸福里" */ = {
			isa = XCConfigurationList;
			buildConfigurations = (
				733A25CD208DC39D00D9D001 /* Debug */,
				733A25CE208DC39D00D9D001 /* Release */,
			);
			defaultConfigurationIsVisible = 0;
			defaultConfigurationName = Release;
		};
		733A25CF208DC39D00D9D001 /* Build configuration list for PBXNativeTarget "皇冠幸福里" */ = {
			isa = XCConfigurationList;
			buildConfigurations = (
				733A25D0208DC39D00D9D001 /* Debug */,
				733A25D1208DC39D00D9D001 /* Release */,
			);
			defaultConfigurationIsVisible = 0;
			defaultConfigurationName = Release;
		};
/* End XCConfigurationList section */
	};
	rootObject = 733A25B1208DC39D00D9D001 /* Project object */;
}
